
Microsoft Visual Studio Solution File, Format Version 12.00
# Visual Studio Version 17
VisualStudioVersion = 17.3.32811.315
MinimumVisualStudioVersion = 10.0.40219.1
Project("{FAE04EC0-301F-11D3-BF4B-00C04F79EFBC}") = "AMOGUS", "AMOGUS.csproj", "{3B53C4C8-0CE4-4B5C-87F0-22C6F9D36777}"
EndProject
Global
	GlobalSection(SolutionConfigurationPlatforms) = preSolution
		Debug|Any CPU = Debug|Any CPU
		Release|Any CPU = Release|Any CPU
	EndGlobalSection
	GlobalSection(ProjectConfigurationPlatforms) = postSolution
		{3B53C4C8-0CE4-4B5C-87F0-22C6F9D36777}.Debug|Any CPU.ActiveCfg = Debug|Any CPU
		{3B53C4C8-0CE4-4B5C-87F0-22C6F9D36777}.Debug|Any CPU.Build.0 = Debug|Any CPU
		{3B53C4C8-0CE4-4B5C-87F0-22C6F9D36777}.Release|Any CPU.ActiveCfg = Release|Any CPU
		{3B53C4C8-0CE4-4B5C-87F0-22C6F9D36777}.Release|Any CPU.Build.0 = Release|Any CPU
	EndGlobalSection
	GlobalSection(SolutionProperties) = preSolution
		HideSolutionNode = FALSE
	EndGlobalSection
	GlobalSection(ExtensibilityGlobals) = postSolution
		SolutionGuid = {B29018EC-07B5-41D0-9EAD-B3746F7F8A4B}
	EndGlobalSection
EndGlobal
